
Microsoft Visual Studio Solution File, Format Version 12.00
# Visual Studio Version 16
VisualStudioVersion = 16.0.32407.337
MinimumVisualStudioVersion = 10.0.40219.1
Project("{FAE04EC0-301F-11D3-BF4B-00C04F79EFBC}") = "sistema de medias de uma turma de 10 alunos", "sistema de medias de uma turma de 10 alunos.csproj", "{58FACEAA-47A9-4B09-8F23-8E43B6A26933}"
EndProject
Global
	GlobalSection(SolutionConfigurationPlatforms) = preSolution
		Debug|Any CPU = Debug|Any CPU
		Release|Any CPU = Release|Any CPU
	EndGlobalSection
	GlobalSection(ProjectConfigurationPlatforms) = postSolution
		{58FACEAA-47A9-4B09-8F23-8E43B6A26933}.Debug|Any CPU.ActiveCfg = Debug|Any CPU
		{58FACEAA-47A9-4B09-8F23-8E43B6A26933}.Debug|Any CPU.Build.0 = Debug|Any CPU
		{58FACEAA-47A9-4B09-8F23-8E43B6A26933}.Release|Any CPU.ActiveCfg = Release|Any CPU
		{58FACEAA-47A9-4B09-8F23-8E43B6A26933}.Release|Any CPU.Build.0 = Release|Any CPU
	EndGlobalSection
	GlobalSection(SolutionProperties) = preSolution
		HideSolutionNode = FALSE
	EndGlobalSection
	GlobalSection(ExtensibilityGlobals) = postSolution
		SolutionGuid = {DF922BF7-B91E-4E0A-9AFD-373B75CAFA59}
	EndGlobalSection
EndGlobal
